
Microsoft Visual Studio Solution File, Format Version 12.00
# Visual Studio Version 17
VisualStudioVersion = 17.9.34902.65
MinimumVisualStudioVersion = 10.0.40219.1
Project("{FAE04EC0-301F-11D3-BF4B-00C04F79EFBC}") = "API_AHTBCINEMA", "API_AHTBCINEMA\API_AHTBCINEMA.csproj", "{8FE23A7A-90B7-4D72-9EE6-C51718EDE716}"
EndProject
Project("{FAE04EC0-301F-11D3-BF4B-00C04F79EFBC}") = "MVC_AHTBCINEMA", "MVC_AHTBCINEMA\MVC_AHTBCINEMA.csproj", "{73546C89-0565-43E3-98C7-01054B7B74AB}"
EndProject
Global
	GlobalSection(SolutionConfigurationPlatforms) = preSolution
		Debug|Any CPU = Debug|Any CPU
		Release|Any CPU = Release|Any CPU
	EndGlobalSection
	GlobalSection(ProjectConfigurationPlatforms) = postSolution
		{8FE23A7A-90B7-4D72-9EE6-C51718EDE716}.Debug|Any CPU.ActiveCfg = Debug|Any CPU
		{8FE23A7A-90B7-4D72-9EE6-C51718EDE716}.Debug|Any CPU.Build.0 = Debug|Any CPU
		{8FE23A7A-90B7-4D72-9EE6-C51718EDE716}.Release|Any CPU.ActiveCfg = Release|Any CPU
		{8FE23A7A-90B7-4D72-9EE6-C51718EDE716}.Release|Any CPU.Build.0 = Release|Any CPU
		{73546C89-0565-43E3-98C7-01054B7B74AB}.Debug|Any CPU.ActiveCfg = Debug|Any CPU
		{73546C89-0565-43E3-98C7-01054B7B74AB}.Debug|Any CPU.Build.0 = Debug|Any CPU
		{73546C89-0565-43E3-98C7-01054B7B74AB}.Release|Any CPU.ActiveCfg = Release|Any CPU
		{73546C89-0565-43E3-98C7-01054B7B74AB}.Release|Any CPU.Build.0 = Release|Any CPU
	EndGlobalSection
	GlobalSection(SolutionProperties) = preSolution
		HideSolutionNode = FALSE
	EndGlobalSection
	GlobalSection(ExtensibilityGlobals) = postSolution
		SolutionGuid = {3D48ABAB-FAC1-4843-8E30-9EF4044DB685}
	EndGlobalSection
EndGlobal
